
Microsoft Visual Studio Solution File, Format Version 12.00
# Visual Studio Version 16
VisualStudioVersion = 16.0.29009.5
MinimumVisualStudioVersion = 10.0.40219.1
Project("{FAE04EC0-301F-11D3-BF4B-00C04F79EFBC}") = "app_cancella", "app_cancella\app_cancella.csproj", "{7511259F-822D-4793-92FF-D2AF78B257E8}"
EndProject
Global
	GlobalSection(SolutionConfigurationPlatforms) = preSolution
		Debug|Any CPU = Debug|Any CPU
		Release|Any CPU = Release|Any CPU
	EndGlobalSection
	GlobalSection(ProjectConfigurationPlatforms) = postSolution
		{7511259F-822D-4793-92FF-D2AF78B257E8}.Debug|Any CPU.ActiveCfg = Debug|Any CPU
		{7511259F-822D-4793-92FF-D2AF78B257E8}.Debug|Any CPU.Build.0 = Debug|Any CPU
		{7511259F-822D-4793-92FF-D2AF78B257E8}.Release|Any CPU.ActiveCfg = Release|Any CPU
		{7511259F-822D-4793-92FF-D2AF78B257E8}.Release|Any CPU.Build.0 = Release|Any CPU
	EndGlobalSection
	GlobalSection(SolutionProperties) = preSolution
		HideSolutionNode = FALSE
	EndGlobalSection
	GlobalSection(ExtensibilityGlobals) = postSolution
		SolutionGuid = {0D2B9390-7755-4B79-A9F4-A272F0A1B46B}
	EndGlobalSection
EndGlobal
